
Microsoft Visual Studio Solution File, Format Version 12.00
# Visual Studio Version 16
VisualStudioVersion = 16.0.30517.126
MinimumVisualStudioVersion = 10.0.40219.1
Project("{8BC9CEB8-8B4A-11D0-8D11-00A0C91BC942}") = "Core", "Core\Core.vcxproj", "{3DA74029-8A9B-493C-8FF5-0998EED6E007}"
EndProject
Global
	GlobalSection(SolutionConfigurationPlatforms) = preSolution
		Debug|x64 = Debug|x64
		Debug|x86 = Debug|x86
		Release|x64 = Release|x64
		Release|x86 = Release|x86
	EndGlobalSection
	GlobalSection(ProjectConfigurationPlatforms) = postSolution
		{3DA74029-8A9B-493C-8FF5-0998EED6E007}.Debug|x64.ActiveCfg = Debug|x64
		{3DA74029-8A9B-493C-8FF5-0998EED6E007}.Debug|x64.Build.0 = Debug|x64
		{3DA74029-8A9B-493C-8FF5-0998EED6E007}.Debug|x86.ActiveCfg = Debug|Win32
		{3DA74029-8A9B-493C-8FF5-0998EED6E007}.Debug|x86.Build.0 = Debug|Win32
		{3DA74029-8A9B-493C-8FF5-0998EED6E007}.Release|x64.ActiveCfg = Release|x64
		{3DA74029-8A9B-493C-8FF5-0998EED6E007}.Release|x64.Build.0 = Release|x64
		{3DA74029-8A9B-493C-8FF5-0998EED6E007}.Release|x86.ActiveCfg = Release|Win32
		{3DA74029-8A9B-493C-8FF5-0998EED6E007}.Release|x86.Build.0 = Release|Win32
	EndGlobalSection
	GlobalSection(SolutionProperties) = preSolution
		HideSolutionNode = FALSE
	EndGlobalSection
	GlobalSection(ExtensibilityGlobals) = postSolution
		SolutionGuid = {AEA8E2D9-0557-482C-A29F-555247698CE6}
	EndGlobalSection
EndGlobal
